{
  "version": 4,
  "terraform_version": "0.12.3",
  "serial": 6,
  "lineage": "167fc52b-19b0-a6cb-137f-10379a594aa1",
  "outputs": {
    "region": {
      "value": "us-east-1",
      "type": "string"
    }
  },
  "resources": [
    {
      "mode": "data",
      "type": "aws_availability_zones",
      "name": "available",
      "provider": "provider.aws",
      "instances": [
        {
          "schema_version": 0,
          "attributes": {
            "blacklisted_names": null,
            "blacklisted_zone_ids": null,
            "id": "2019-07-10 19:29:46.645994 +0000 UTC",
            "names": [
              "us-east-1a",
              "us-east-1b",
              "us-east-1c",
              "us-east-1d",
              "us-east-1e",
              "us-east-1f"
            ],
            "state": null,
            "zone_ids": [
              "use1-az1",
              "use1-az2",
              "use1-az4",
              "use1-az6",
              "use1-az3",
              "use1-az5"
            ]
          }
        }
      ]
    },
    {
      "module": "module.vpc",
      "mode": "managed",
      "type": "aws_internet_gateway",
      "name": "this",
      "each": "list",
      "provider": "provider.aws",
      "instances": [
        {
          "index_key": 0,
          "schema_version": 0,
          "attributes": {
            "id": "igw-0e78c04a192d491e4",
            "owner_id": "005956675899",
            "tags": {
              "Environment": "kitchen-terraform-default-aws",
              "Name": "test-example-kitchen-terraform-default-aws-public",
              "Owner": "The module author"
            },
            "vpc_id": "vpc-00bbf0837c4bcff86"
          },
          "private": "bnVsbA=="
        }
      ]
    },
    {
      "module": "module.vpc",
      "mode": "managed",
      "type": "aws_vpc",
      "name": "this",
      "each": "list",
      "provider": "provider.aws",
      "instances": [
        {
          "index_key": 0,
          "schema_version": 1,
          "attributes": {
            "arn": "arn:aws:ec2:us-east-1:005956675899:vpc/vpc-00bbf0837c4bcff86",
            "assign_generated_ipv6_cidr_block": false,
            "cidr_block": "10.0.0.0/16",
            "default_network_acl_id": "acl-0af45b534a13df220",
            "default_route_table_id": "rtb-06e2b5d7ba95ae9ef",
            "default_security_group_id": "sg-02724fa9b4261eaaa",
            "dhcp_options_id": "dopt-63498c1a",
            "enable_classiclink": false,
            "enable_classiclink_dns_support": false,
            "enable_dns_hostnames": true,
            "enable_dns_support": true,
            "id": "vpc-00bbf0837c4bcff86",
            "instance_tenancy": "default",
            "ipv6_association_id": "",
            "ipv6_cidr_block": "",
            "main_route_table_id": "rtb-06e2b5d7ba95ae9ef",
            "owner_id": "005956675899",
            "tags": {
              "Environment": "kitchen-terraform-default-aws",
              "Name": "test-example-kitchen-terraform-default-aws",
              "Owner": "The module author"
            }
          },
          "private": "eyJzY2hlbWFfdmVyc2lvbiI6IjEifQ=="
        }
      ]
    }
  ]
}
